
Microsoft Visual Studio Solution File, Format Version 12.00
# Visual Studio Version 17
VisualStudioVersion = 17.2.32630.192
MinimumVisualStudioVersion = 10.0.40219.1
Project("{9A19103F-16F7-4668-BE54-9A1E7A4F7556}") = "EMS", "EMS\EMS.csproj", "{E9214E03-2770-4378-885C-10B0D08F2B81}"
EndProject
Global
	GlobalSection(SolutionConfigurationPlatforms) = preSolution
		Debug|Any CPU = Debug|Any CPU
		Release|Any CPU = Release|Any CPU
	EndGlobalSection
	GlobalSection(ProjectConfigurationPlatforms) = postSolution
		{E9214E03-2770-4378-885C-10B0D08F2B81}.Debug|Any CPU.ActiveCfg = Debug|Any CPU
		{E9214E03-2770-4378-885C-10B0D08F2B81}.Debug|Any CPU.Build.0 = Debug|Any CPU
		{E9214E03-2770-4378-885C-10B0D08F2B81}.Release|Any CPU.ActiveCfg = Release|Any CPU
		{E9214E03-2770-4378-885C-10B0D08F2B81}.Release|Any CPU.Build.0 = Release|Any CPU
	EndGlobalSection
	GlobalSection(SolutionProperties) = preSolution
		HideSolutionNode = FALSE
	EndGlobalSection
	GlobalSection(ExtensibilityGlobals) = postSolution
		SolutionGuid = {03E6194A-C1EC-4823-A7B5-2E0B2FE19941}
	EndGlobalSection
EndGlobal
